
Microsoft Visual Studio Solution File, Format Version 12.00
# Visual Studio Version 17
VisualStudioVersion = 17.7.34031.279
MinimumVisualStudioVersion = 10.0.40219.1
Project("{FAE04EC0-301F-11D3-BF4B-00C04F79EFBC}") = "Template_Test", "Template_Test.csproj", "{ED200E85-BAC8-4A50-8380-F6515C0DEF9B}"
EndProject
Global
	GlobalSection(SolutionConfigurationPlatforms) = preSolution
		Debug|Any CPU = Debug|Any CPU
		Release|Any CPU = Release|Any CPU
	EndGlobalSection
	GlobalSection(ProjectConfigurationPlatforms) = postSolution
		{ED200E85-BAC8-4A50-8380-F6515C0DEF9B}.Debug|Any CPU.ActiveCfg = Debug|Any CPU
		{ED200E85-BAC8-4A50-8380-F6515C0DEF9B}.Debug|Any CPU.Build.0 = Debug|Any CPU
		{ED200E85-BAC8-4A50-8380-F6515C0DEF9B}.Release|Any CPU.ActiveCfg = Release|Any CPU
		{ED200E85-BAC8-4A50-8380-F6515C0DEF9B}.Release|Any CPU.Build.0 = Release|Any CPU
	EndGlobalSection
	GlobalSection(SolutionProperties) = preSolution
		HideSolutionNode = FALSE
	EndGlobalSection
	GlobalSection(ExtensibilityGlobals) = postSolution
		SolutionGuid = {E6F0D17A-6CA1-45EB-B803-3A08B69C1E8D}
	EndGlobalSection
EndGlobal
